// !$*UTF8*$!
{
	archiveVersion = 1;
	classes = {
	};
	objectVersion = 77;
	objects = {

/* Begin PBXBuildFile section */
		84F751B32F979BDF00DF3082 /* ContentView.swift in Sources */ = {isa = PBXBuildFile; fileRef = 84F751AD2F979BDF00DF3082 /* ContentView.swift */; };
		84F751B42F979BDF00DF3082 /* Persistence.swift in Sources */ = {isa = PBXBuildFile; fileRef = 84F751AE2F979BDF00DF3082 /* Persistence.swift */; };
		84F751B52F979BDF00DF3082 /* WeatherNote.xcdatamodeld in Sources */ = {isa = PBXBuildFile; fileRef = 84F751AF2F979BDF00DF3082 /* WeatherNote.xcdatamodeld */; };
		84F751B62F979BDF00DF3082 /* WeatherNoteApp.swift in Sources */ = {isa = PBXBuildFile; fileRef = 84F751B02F979BDF00DF3082 /* WeatherNoteApp.swift */; };
		84F751B72F979BDF00DF3082 /* Assets.xcassets in Resources */ = {isa = PBXBuildFile; fileRef = 84F751AC2F979BDF00DF3082 /* Assets.xcassets */; };
		84F751C02F979C1500DF3082 /* JSONEncoder+Default.swift in Sources */ = {isa = PBXBuildFile; fileRef = 84F751BE2F979C1500DF3082 /* JSONEncoder+Default.swift */; };
		84F751C12F979C1500DF3082 /* JSONDecoder+Default.swift in Sources */ = {isa = PBXBuildFile; fileRef = 84F751BC2F979C1500DF3082 /* JSONDecoder+Default.swift */; };
		84F751C82F979CCC00DF3082 /* WeatherInfoModel.swift in Sources */ = {isa = PBXBuildFile; fileRef = 84F751C72F979CCC00DF3082 /* WeatherInfoModel.swift */; };
		84F751CA2F979CF700DF3082 /* NoteModel.swift in Sources */ = {isa = PBXBuildFile; fileRef = 84F751C92F979CF700DF3082 /* NoteModel.swift */; };
		84F751CD2F979D4800DF3082 /* DIContainer.swift in Sources */ = {isa = PBXBuildFile; fileRef = 84F751CC2F979D4800DF3082 /* DIContainer.swift */; };
		84F751D02F979D8200DF3082 /* AppRoute.swift in Sources */ = {isa = PBXBuildFile; fileRef = 84F751CF2F979D8200DF3082 /* AppRoute.swift */; };
/* End PBXBuildFile section */

/* Begin PBXFileReference section */
		84F7518E2F9780C900DF3082 /* WeatherNote.app */ = {isa = PBXFileReference; explicitFileType = wrapper.application; includeInIndex = 0; path = WeatherNote.app; sourceTree = BUILT_PRODUCTS_DIR; };
		84F751AC2F979BDF00DF3082 /* Assets.xcassets */ = {isa = PBXFileReference; lastKnownFileType = folder.assetcatalog; path = Assets.xcassets; sourceTree = "<group>"; };
		84F751AD2F979BDF00DF3082 /* ContentView.swift */ = {isa = PBXFileReference; lastKnownFileType = sourcecode.swift; path = ContentView.swift; sourceTree = "<group>"; };
		84F751AE2F979BDF00DF3082 /* Persistence.swift */ = {isa = PBXFileReference; lastKnownFileType = sourcecode.swift; path = Persistence.swift; sourceTree = "<group>"; };
		84F751B02F979BDF00DF3082 /* WeatherNoteApp.swift */ = {isa = PBXFileReference; lastKnownFileType = sourcecode.swift; path = WeatherNoteApp.swift; sourceTree = "<group>"; };
		84F751B22F979BDF00DF3082 /* WeatherNote.xcdatamodel */ = {isa = PBXFileReference; lastKnownFileType = wrapper.xcdatamodel; path = WeatherNote.xcdatamodel; sourceTree = "<group>"; };
		84F751BC2F979C1500DF3082 /* JSONDecoder+Default.swift */ = {isa = PBXFileReference; lastKnownFileType = sourcecode.swift; path = "JSONDecoder+Default.swift"; sourceTree = "<group>"; };
		84F751BE2F979C1500DF3082 /* JSONEncoder+Default.swift */ = {isa = PBXFileReference; lastKnownFileType = sourcecode.swift; path = "JSONEncoder+Default.swift"; sourceTree = "<group>"; };
		84F751C72F979CCC00DF3082 /* WeatherInfoModel.swift */ = {isa = PBXFileReference; lastKnownFileType = sourcecode.swift; path = WeatherInfoModel.swift; sourceTree = "<group>"; };
		84F751C92F979CF700DF3082 /* NoteModel.swift */ = {isa = PBXFileReference; lastKnownFileType = sourcecode.swift; path = NoteModel.swift; sourceTree = "<group>"; };
		84F751CC2F979D4800DF3082 /* DIContainer.swift */ = {isa = PBXFileReference; lastKnownFileType = sourcecode.swift; path = DIContainer.swift; sourceTree = "<group>"; };
		84F751CF2F979D8200DF3082 /* AppRoute.swift */ = {isa = PBXFileReference; lastKnownFileType = sourcecode.swift; path = AppRoute.swift; sourceTree = "<group>"; };
/* End PBXFileReference section */

/* Begin PBXFrameworksBuildPhase section */
		84F7518B2F9780C900DF3082 /* Frameworks */ = {
			isa = PBXFrameworksBuildPhase;
			buildActionMask = 2147483647;
			files = (
			);
			runOnlyForDeploymentPostprocessing = 0;
		};
/* End PBXFrameworksBuildPhase section */

/* Begin PBXGroup section */
		84F751852F9780C900DF3082 = {
			isa = PBXGroup;
			children = (
				84F751B12F979BDF00DF3082 /* WeatherNote */,
				84F7518F2F9780C900DF3082 /* Products */,
			);
			sourceTree = "<group>";
		};
		84F7518F2F9780C900DF3082 /* Products */ = {
			isa = PBXGroup;
			children = (
				84F7518E2F9780C900DF3082 /* WeatherNote.app */,
			);
			name = Products;
			sourceTree = "<group>";
		};
		84F751B12F979BDF00DF3082 /* WeatherNote */ = {
			isa = PBXGroup;
			children = (
				84F751BB2F979BF500DF3082 /* SupportingFiles */,
				84F751BA2F979BF000DF3082 /* PresentationLayer */,
				84F751B92F979BE700DF3082 /* DataLayer */,
				84F751B82F979BE300DF3082 /* General */,
				84F751AC2F979BDF00DF3082 /* Assets.xcassets */,
				84F751AD2F979BDF00DF3082 /* ContentView.swift */,
				84F751AE2F979BDF00DF3082 /* Persistence.swift */,
				84F751AF2F979BDF00DF3082 /* WeatherNote.xcdatamodeld */,
				84F751B02F979BDF00DF3082 /* WeatherNoteApp.swift */,
			);
			path = WeatherNote;
			sourceTree = "<group>";
		};
		84F751B82F979BE300DF3082 /* General */ = {
			isa = PBXGroup;
			children = (
				84F751CB2F979D3F00DF3082 /* Helpers */,
				84F751C22F979C1C00DF3082 /* Extensions */,
			);
			path = General;
			sourceTree = "<group>";
		};
		84F751B92F979BE700DF3082 /* DataLayer */ = {
			isa = PBXGroup;
			children = (
				84F751C52F979CB100DF3082 /* Networking */,
				84F751C42F979C8D00DF3082 /* Models */,
				84F751C32F979C8600DF3082 /* Repositoreis */,
			);
			path = DataLayer;
			sourceTree = "<group>";
		};
		84F751BA2F979BF000DF3082 /* PresentationLayer */ = {
			isa = PBXGroup;
			children = (
				84F751CE2F979D7500DF3082 /* Navigation */,
			);
			path = PresentationLayer;
			sourceTree = "<group>";
		};
		84F751BB2F979BF500DF3082 /* SupportingFiles */ = {
			isa = PBXGroup;
			children = (
			);
			path = SupportingFiles;
			sourceTree = "<group>";
		};
		84F751BD2F979C1500DF3082 /* JSONDecoder */ = {
			isa = PBXGroup;
			children = (
				84F751BC2F979C1500DF3082 /* JSONDecoder+Default.swift */,
			);
			path = JSONDecoder;
			sourceTree = "<group>";
		};
		84F751BF2F979C1500DF3082 /* JSONEncoder */ = {
			isa = PBXGroup;
			children = (
				84F751BE2F979C1500DF3082 /* JSONEncoder+Default.swift */,
			);
			path = JSONEncoder;
			sourceTree = "<group>";
		};
		84F751C22F979C1C00DF3082 /* Extensions */ = {
			isa = PBXGroup;
			children = (
				84F751BD2F979C1500DF3082 /* JSONDecoder */,
				84F751BF2F979C1500DF3082 /* JSONEncoder */,
			);
			path = Extensions;
			sourceTree = "<group>";
		};
		84F751C32F979C8600DF3082 /* Repositoreis */ = {
			isa = PBXGroup;
			children = (
			);
			path = Repositoreis;
			sourceTree = "<group>";
		};
		84F751C42F979C8D00DF3082 /* Models */ = {
			isa = PBXGroup;
			children = (
				84F751C72F979CCC00DF3082 /* WeatherInfoModel.swift */,
				84F751C92F979CF700DF3082 /* NoteModel.swift */,
			);
			path = Models;
			sourceTree = "<group>";
		};
		84F751C52F979CB100DF3082 /* Networking */ = {
			isa = PBXGroup;
			children = (
				84F751C62F979CB900DF3082 /* Models */,
			);
			path = Networking;
			sourceTree = "<group>";
		};
		84F751C62F979CB900DF3082 /* Models */ = {
			isa = PBXGroup;
			children = (
			);
			path = Models;
			sourceTree = "<group>";
		};
		84F751CB2F979D3F00DF3082 /* Helpers */ = {
			isa = PBXGroup;
			children = (
				84F751CC2F979D4800DF3082 /* DIContainer.swift */,
			);
			path = Helpers;
			sourceTree = "<group>";
		};
		84F751CE2F979D7500DF3082 /* Navigation */ = {
			isa = PBXGroup;
			children = (
				84F751CF2F979D8200DF3082 /* AppRoute.swift */,
			);
			path = Navigation;
			sourceTree = "<group>";
		};
/* End PBXGroup section */

/* Begin PBXNativeTarget section */
		84F7518D2F9780C900DF3082 /* WeatherNote */ = {
			isa = PBXNativeTarget;
			buildConfigurationList = 84F7519E2F9780CB00DF3082 /* Build configuration list for PBXNativeTarget "WeatherNote" */;
			buildPhases = (
				84F7518A2F9780C900DF3082 /* Sources */,
				84F7518B2F9780C900DF3082 /* Frameworks */,
				84F7518C2F9780C900DF3082 /* Resources */,
			);
			buildRules = (
			);
			dependencies = (
			);
			name = WeatherNote;
			packageProductDependencies = (
			);
			productName = WeatherNote;
			productReference = 84F7518E2F9780C900DF3082 /* WeatherNote.app */;
			productType = "com.apple.product-type.application";
		};
/* End PBXNativeTarget section */

/* Begin PBXProject section */
		84F751862F9780C900DF3082 /* Project object */ = {
			isa = PBXProject;
			attributes = {
				BuildIndependentTargetsInParallel = 1;
				LastSwiftUpdateCheck = 2630;
				LastUpgradeCheck = 2630;
				TargetAttributes = {
					84F7518D2F9780C900DF3082 = {
						CreatedOnToolsVersion = 26.3;
					};
				};
			};
			buildConfigurationList = 84F751892F9780C900DF3082 /* Build configuration list for PBXProject "WeatherNote" */;
			developmentRegion = en;
			hasScannedForEncodings = 0;
			knownRegions = (
				en,
				Base,
			);
			mainGroup = 84F751852F9780C900DF3082;
			minimizedProjectReferenceProxies = 1;
			preferredProjectObjectVersion = 77;
			productRefGroup = 84F7518F2F9780C900DF3082 /* Products */;
			projectDirPath = "";
			projectRoot = "";
			targets = (
				84F7518D2F9780C900DF3082 /* WeatherNote */,
			);
		};
/* End PBXProject section */

/* Begin PBXResourcesBuildPhase section */
		84F7518C2F9780C900DF3082 /* Resources */ = {
			isa = PBXResourcesBuildPhase;
			buildActionMask = 2147483647;
			files = (
				84F751B72F979BDF00DF3082 /* Assets.xcassets in Resources */,
			);
			runOnlyForDeploymentPostprocessing = 0;
		};
/* End PBXResourcesBuildPhase section */

/* Begin PBXSourcesBuildPhase section */
		84F7518A2F9780C900DF3082 /* Sources */ = {
			isa = PBXSourcesBuildPhase;
			buildActionMask = 2147483647;
			files = (
				84F751C02F979C1500DF3082 /* JSONEncoder+Default.swift in Sources */,
				84F751CA2F979CF700DF3082 /* NoteModel.swift in Sources */,
				84F751C82F979CCC00DF3082 /* WeatherInfoModel.swift in Sources */,
				84F751C12F979C1500DF3082 /* JSONDecoder+Default.swift in Sources */,
				84F751B32F979BDF00DF3082 /* ContentView.swift in Sources */,
				84F751B42F979BDF00DF3082 /* Persistence.swift in Sources */,
				84F751B52F979BDF00DF3082 /* WeatherNote.xcdatamodeld in Sources */,
				84F751CD2F979D4800DF3082 /* DIContainer.swift in Sources */,
				84F751B62F979BDF00DF3082 /* WeatherNoteApp.swift in Sources */,
				84F751D02F979D8200DF3082 /* AppRoute.swift in Sources */,
			);
			runOnlyForDeploymentPostprocessing = 0;
		};
/* End PBXSourcesBuildPhase section */

/* Begin XCBuildConfiguration section */
		84F7519C2F9780CB00DF3082 /* Debug */ = {
			isa = XCBuildConfiguration;
			buildSettings = {
				ALWAYS_SEARCH_USER_PATHS = NO;
				ASSETCATALOG_COMPILER_GENERATE_SWIFT_ASSET_SYMBOL_EXTENSIONS = YES;
				CLANG_ANALYZER_NONNULL = YES;
				CLANG_ANALYZER_NUMBER_OBJECT_CONVERSION = YES_AGGRESSIVE;
				CLANG_CXX_LANGUAGE_STANDARD = "gnu++20";
				CLANG_ENABLE_MODULES = YES;
				CLANG_ENABLE_OBJC_ARC = YES;
				CLANG_ENABLE_OBJC_WEAK = YES;
				CLANG_WARN_BLOCK_CAPTURE_AUTORELEASING = YES;
				CLANG_WARN_BOOL_CONVERSION = YES;
				CLANG_WARN_COMMA = YES;
				CLANG_WARN_CONSTANT_CONVERSION = YES;
				CLANG_WARN_DEPRECATED_OBJC_IMPLEMENTATIONS = YES;
				CLANG_WARN_DIRECT_OBJC_ISA_USAGE = YES_ERROR;
				CLANG_WARN_DOCUMENTATION_COMMENTS = YES;
				CLANG_WARN_EMPTY_BODY = YES;
				CLANG_WARN_ENUM_CONVERSION = YES;
				CLANG_WARN_INFINITE_RECURSION = YES;
				CLANG_WARN_INT_CONVERSION = YES;
				CLANG_WARN_NON_LITERAL_NULL_CONVERSION = YES;
				CLANG_WARN_OBJC_IMPLICIT_RETAIN_SELF = YES;
				CLANG_WARN_OBJC_LITERAL_CONVERSION = YES;
				CLANG_WARN_OBJC_ROOT_CLASS = YES_ERROR;
				CLANG_WARN_QUOTED_INCLUDE_IN_FRAMEWORK_HEADER = YES;
				CLANG_WARN_RANGE_LOOP_ANALYSIS = YES;
				CLANG_WARN_STRICT_PROTOTYPES = YES;
				CLANG_WARN_SUSPICIOUS_MOVE = YES;
				CLANG_WARN_UNGUARDED_AVAILABILITY = YES_AGGRESSIVE;
				CLANG_WARN_UNREACHABLE_CODE = YES;
				CLANG_WARN__DUPLICATE_METHOD_MATCH = YES;
				COPY_PHASE_STRIP = NO;
				DEBUG_INFORMATION_FORMAT = dwarf;
				ENABLE_STRICT_OBJC_MSGSEND = YES;
				ENABLE_TESTABILITY = YES;
				ENABLE_USER_SCRIPT_SANDBOXING = YES;
				GCC_C_LANGUAGE_STANDARD = gnu17;
				GCC_DYNAMIC_NO_PIC = NO;
				GCC_NO_COMMON_BLOCKS = YES;
				GCC_OPTIMIZATION_LEVEL = 0;
				GCC_PREPROCESSOR_DEFINITIONS = (
					"DEBUG=1",
					"$(inherited)",
				);
				GCC_WARN_64_TO_32_BIT_CONVERSION = YES;
				GCC_WARN_ABOUT_RETURN_TYPE = YES_ERROR;
				GCC_WARN_UNDECLARED_SELECTOR = YES;
				GCC_WARN_UNINITIALIZED_AUTOS = YES_AGGRESSIVE;
				GCC_WARN_UNUSED_FUNCTION = YES;
				GCC_WARN_UNUSED_VARIABLE = YES;
				IPHONEOS_DEPLOYMENT_TARGET = 26.2;
				LOCALIZATION_PREFERS_STRING_CATALOGS = YES;
				MTL_ENABLE_DEBUG_INFO = INCLUDE_SOURCE;
				MTL_FAST_MATH = YES;
				ONLY_ACTIVE_ARCH = YES;
				SDKROOT = iphoneos;
				SWIFT_ACTIVE_COMPILATION_CONDITIONS = "DEBUG $(inherited)";
				SWIFT_OPTIMIZATION_LEVEL = "-Onone";
			};
			name = Debug;
		};
		84F7519D2F9780CB00DF3082 /* Release */ = {
			isa = XCBuildConfiguration;
			buildSettings = {
				ALWAYS_SEARCH_USER_PATHS = NO;
				ASSETCATALOG_COMPILER_GENERATE_SWIFT_ASSET_SYMBOL_EXTENSIONS = YES;
				CLANG_ANALYZER_NONNULL = YES;
				CLANG_ANALYZER_NUMBER_OBJECT_CONVERSION = YES_AGGRESSIVE;
				CLANG_CXX_LANGUAGE_STANDARD = "gnu++20";
				CLANG_ENABLE_MODULES = YES;
				CLANG_ENABLE_OBJC_ARC = YES;
				CLANG_ENABLE_OBJC_WEAK = YES;
				CLANG_WARN_BLOCK_CAPTURE_AUTORELEASING = YES;
				CLANG_WARN_BOOL_CONVERSION = YES;
				CLANG_WARN_COMMA = YES;
				CLANG_WARN_CONSTANT_CONVERSION = YES;
				CLANG_WARN_DEPRECATED_OBJC_IMPLEMENTATIONS = YES;
				CLANG_WARN_DIRECT_OBJC_ISA_USAGE = YES_ERROR;
				CLANG_WARN_DOCUMENTATION_COMMENTS = YES;
				CLANG_WARN_EMPTY_BODY = YES;
				CLANG_WARN_ENUM_CONVERSION = YES;
				CLANG_WARN_INFINITE_RECURSION = YES;
				CLANG_WARN_INT_CONVERSION = YES;
				CLANG_WARN_NON_LITERAL_NULL_CONVERSION = YES;
				CLANG_WARN_OBJC_IMPLICIT_RETAIN_SELF = YES;
				CLANG_WARN_OBJC_LITERAL_CONVERSION = YES;
				CLANG_WARN_OBJC_ROOT_CLASS = YES_ERROR;
				CLANG_WARN_QUOTED_INCLUDE_IN_FRAMEWORK_HEADER = YES;
				CLANG_WARN_RANGE_LOOP_ANALYSIS = YES;
				CLANG_WARN_STRICT_PROTOTYPES = YES;
				CLANG_WARN_SUSPICIOUS_MOVE = YES;
				CLANG_WARN_UNGUARDED_AVAILABILITY = YES_AGGRESSIVE;
				CLANG_WARN_UNREACHABLE_CODE = YES;
				CLANG_WARN__DUPLICATE_METHOD_MATCH = YES;
				COPY_PHASE_STRIP = NO;
				DEBUG_INFORMATION_FORMAT = "dwarf-with-dsym";
				ENABLE_NS_ASSERTIONS = NO;
				ENABLE_STRICT_OBJC_MSGSEND = YES;
				ENABLE_USER_SCRIPT_SANDBOXING = YES;
				GCC_C_LANGUAGE_STANDARD = gnu17;
				GCC_NO_COMMON_BLOCKS = YES;
				GCC_WARN_64_TO_32_BIT_CONVERSION = YES;
				GCC_WARN_ABOUT_RETURN_TYPE = YES_ERROR;
				GCC_WARN_UNDECLARED_SELECTOR = YES;
				GCC_WARN_UNINITIALIZED_AUTOS = YES_AGGRESSIVE;
				GCC_WARN_UNUSED_FUNCTION = YES;
				GCC_WARN_UNUSED_VARIABLE = YES;
				IPHONEOS_DEPLOYMENT_TARGET = 26.2;
				LOCALIZATION_PREFERS_STRING_CATALOGS = YES;
				MTL_ENABLE_DEBUG_INFO = NO;
				MTL_FAST_MATH = YES;
				SDKROOT = iphoneos;
				SWIFT_COMPILATION_MODE = wholemodule;
				VALIDATE_PRODUCT = YES;
			};
			name = Release;
		};
		84F7519F2F9780CB00DF3082 /* Debug */ = {
			isa = XCBuildConfiguration;
			buildSettings = {
				ASSETCATALOG_COMPILER_APPICON_NAME = AppIcon;
				ASSETCATALOG_COMPILER_GLOBAL_ACCENT_COLOR_NAME = AccentColor;
				CODE_SIGN_STYLE = Automatic;
				CURRENT_PROJECT_VERSION = 1;
				ENABLE_PREVIEWS = YES;
				GENERATE_INFOPLIST_FILE = YES;
				INFOPLIST_KEY_UIApplicationSceneManifest_Generation = YES;
				INFOPLIST_KEY_UIApplicationSupportsIndirectInputEvents = YES;
				INFOPLIST_KEY_UILaunchScreen_Generation = YES;
				INFOPLIST_KEY_UISupportedInterfaceOrientations_iPad = "UIInterfaceOrientationPortrait UIInterfaceOrientationPortraitUpsideDown UIInterfaceOrientationLandscapeLeft UIInterfaceOrientationLandscapeRight";
				INFOPLIST_KEY_UISupportedInterfaceOrientations_iPhone = "UIInterfaceOrientationPortrait UIInterfaceOrientationLandscapeLeft UIInterfaceOrientationLandscapeRight";
				LD_RUNPATH_SEARCH_PATHS = (
					"$(inherited)",
					"@executable_path/Frameworks",
				);
				MARKETING_VERSION = 1.0;
				PRODUCT_BUNDLE_IDENTIFIER = com.weatcher.note.WeatherNote;
				PRODUCT_NAME = "$(TARGET_NAME)";
				STRING_CATALOG_GENERATE_SYMBOLS = YES;
				SWIFT_APPROACHABLE_CONCURRENCY = YES;
				SWIFT_DEFAULT_ACTOR_ISOLATION = MainActor;
				SWIFT_EMIT_LOC_STRINGS = YES;
				SWIFT_UPCOMING_FEATURE_MEMBER_IMPORT_VISIBILITY = YES;
				SWIFT_VERSION = 5.0;
				TARGETED_DEVICE_FAMILY = "1,2";
			};
			name = Debug;
		};
		84F751A02F9780CB00DF3082 /* Release */ = {
			isa = XCBuildConfiguration;
			buildSettings = {
				ASSETCATALOG_COMPILER_APPICON_NAME = AppIcon;
				ASSETCATALOG_COMPILER_GLOBAL_ACCENT_COLOR_NAME = AccentColor;
				CODE_SIGN_STYLE = Automatic;
				CURRENT_PROJECT_VERSION = 1;
				ENABLE_PREVIEWS = YES;
				GENERATE_INFOPLIST_FILE = YES;
				INFOPLIST_KEY_UIApplicationSceneManifest_Generation = YES;
				INFOPLIST_KEY_UIApplicationSupportsIndirectInputEvents = YES;
				INFOPLIST_KEY_UILaunchScreen_Generation = YES;
				INFOPLIST_KEY_UISupportedInterfaceOrientations_iPad = "UIInterfaceOrientationPortrait UIInterfaceOrientationPortraitUpsideDown UIInterfaceOrientationLandscapeLeft UIInterfaceOrientationLandscapeRight";
				INFOPLIST_KEY_UISupportedInterfaceOrientations_iPhone = "UIInterfaceOrientationPortrait UIInterfaceOrientationLandscapeLeft UIInterfaceOrientationLandscapeRight";
				LD_RUNPATH_SEARCH_PATHS = (
					"$(inherited)",
					"@executable_path/Frameworks",
				);
				MARKETING_VERSION = 1.0;
				PRODUCT_BUNDLE_IDENTIFIER = com.weatcher.note.WeatherNote;
				PRODUCT_NAME = "$(TARGET_NAME)";
				STRING_CATALOG_GENERATE_SYMBOLS = YES;
				SWIFT_APPROACHABLE_CONCURRENCY = YES;
				SWIFT_DEFAULT_ACTOR_ISOLATION = MainActor;
				SWIFT_EMIT_LOC_STRINGS = YES;
				SWIFT_UPCOMING_FEATURE_MEMBER_IMPORT_VISIBILITY = YES;
				SWIFT_VERSION = 5.0;
				TARGETED_DEVICE_FAMILY = "1,2";
			};
			name = Release;
		};
/* End XCBuildConfiguration section */

/* Begin XCConfigurationList section */
		84F751892F9780C900DF3082 /* Build configuration list for PBXProject "WeatherNote" */ = {
			isa = XCConfigurationList;
			buildConfigurations = (
				84F7519C2F9780CB00DF3082 /* Debug */,
				84F7519D2F9780CB00DF3082 /* Release */,
			);
			defaultConfigurationIsVisible = 0;
			defaultConfigurationName = Release;
		};
		84F7519E2F9780CB00DF3082 /* Build configuration list for PBXNativeTarget "WeatherNote" */ = {
			isa = XCConfigurationList;
			buildConfigurations = (
				84F7519F2F9780CB00DF3082 /* Debug */,
				84F751A02F9780CB00DF3082 /* Release */,
			);
			defaultConfigurationIsVisible = 0;
			defaultConfigurationName = Release;
		};
/* End XCConfigurationList section */

/* Begin XCVersionGroup section */
		84F751AF2F979BDF00DF3082 /* WeatherNote.xcdatamodeld */ = {
			isa = XCVersionGroup;
			children = (
				84F751B22F979BDF00DF3082 /* WeatherNote.xcdatamodel */,
			);
			currentVersion = 84F751B22F979BDF00DF3082 /* WeatherNote.xcdatamodel */;
			path = WeatherNote.xcdatamodeld;
			sourceTree = "<group>";
			versionGroupType = wrapper.xcdatamodel;
		};
/* End XCVersionGroup section */
	};
	rootObject = 84F751862F9780C900DF3082 /* Project object */;
}
